// !$*UTF8*$!
{
	archiveVersion = 1;
	classes = {
	};
	objectVersion = 50;
	objects = {

/* Begin PBXBuildFile section */
		639466B196BC41B8C486DEE5 /* Pods_PodsMergeDemo.framework in Frameworks */ = {isa = PBXBuildFile; fileRef = F001104BC58742EE9BDE98F9 /* Pods_PodsMergeDemo.framework */; };
		906969CA2373BDD0000A8F2A /* AppDelegate.m in Sources */ = {isa = PBXBuildFile; fileRef = 906969C92373BDD0000A8F2A /* AppDelegate.m */; };
		906969CD2373BDD0000A8F2A /* SceneDelegate.m in Sources */ = {isa = PBXBuildFile; fileRef = 906969CC2373BDD0000A8F2A /* SceneDelegate.m */; };
		906969D02373BDD0000A8F2A /* ViewController.m in Sources */ = {isa = PBXBuildFile; fileRef = 906969CF2373BDD0000A8F2A /* ViewController.m */; };
		906969D32373BDD0000A8F2A /* Main.storyboard in Resources */ = {isa = PBXBuildFile; fileRef = 906969D12373BDD0000A8F2A /* Main.storyboard */; };
		906969D52373BDD3000A8F2A /* Assets.xcassets in Resources */ = {isa = PBXBuildFile; fileRef = 906969D42373BDD3000A8F2A /* Assets.xcassets */; };
		906969D82373BDD3000A8F2A /* LaunchScreen.storyboard in Resources */ = {isa = PBXBuildFile; fileRef = 906969D62373BDD3000A8F2A /* LaunchScreen.storyboard */; };
		906969DB2373BDD3000A8F2A /* main.m in Sources */ = {isa = PBXBuildFile; fileRef = 906969DA2373BDD3000A8F2A /* main.m */; };
/* End PBXBuildFile section */

/* Begin PBXFileReference section */
		906969C52373BDD0000A8F2A /* PodsMergeDemo.app */ = {isa = PBXFileReference; explicitFileType = wrapper.application; includeInIndex = 0; path = PodsMergeDemo.app; sourceTree = BUILT_PRODUCTS_DIR; };
		906969C82373BDD0000A8F2A /* AppDelegate.h */ = {isa = PBXFileReference; lastKnownFileType = sourcecode.c.h; path = AppDelegate.h; sourceTree = "<group>"; };
		906969C92373BDD0000A8F2A /* AppDelegate.m */ = {isa = PBXFileReference; lastKnownFileType = sourcecode.c.objc; path = AppDelegate.m; sourceTree = "<group>"; };
		906969CB2373BDD0000A8F2A /* SceneDelegate.h */ = {isa = PBXFileReference; lastKnownFileType = sourcecode.c.h; path = SceneDelegate.h; sourceTree = "<group>"; };
		906969CC2373BDD0000A8F2A /* SceneDelegate.m */ = {isa = PBXFileReference; lastKnownFileType = sourcecode.c.objc; path = SceneDelegate.m; sourceTree = "<group>"; };
		906969CE2373BDD0000A8F2A /* ViewController.h */ = {isa = PBXFileReference; lastKnownFileType = sourcecode.c.h; path = ViewController.h; sourceTree = "<group>"; };
		906969CF2373BDD0000A8F2A /* ViewController.m */ = {isa = PBXFileReference; lastKnownFileType = sourcecode.c.objc; path = ViewController.m; sourceTree = "<group>"; };
		906969D22373BDD0000A8F2A /* Base */ = {isa = PBXFileReference; lastKnownFileType = file.storyboard; name = Base; path = Base.lproj/Main.storyboard; sourceTree = "<group>"; };
		906969D42373BDD3000A8F2A /* Assets.xcassets */ = {isa = PBXFileReference; lastKnownFileType = folder.assetcatalog; path = Assets.xcassets; sourceTree = "<group>"; };
		906969D72373BDD3000A8F2A /* Base */ = {isa = PBXFileReference; lastKnownFileType = file.storyboard; name = Base; path = Base.lproj/LaunchScreen.storyboard; sourceTree = "<group>"; };
		906969D92373BDD3000A8F2A /* Info.plist */ = {isa = PBXFileReference; lastKnownFileType = text.plist.xml; path = Info.plist; sourceTree = "<group>"; };
		906969DA2373BDD3000A8F2A /* main.m */ = {isa = PBXFileReference; lastKnownFileType = sourcecode.c.objc; path = main.m; sourceTree = "<group>"; };
		A6DF6580C7DFEF2FEBA3E7B9 /* Pods-PodsMergeDemo.debug.xcconfig */ = {isa = PBXFileReference; includeInIndex = 1; lastKnownFileType = text.xcconfig; name = "Pods-PodsMergeDemo.debug.xcconfig"; path = "Target Support Files/Pods-PodsMergeDemo/Pods-PodsMergeDemo.debug.xcconfig"; sourceTree = "<group>"; };
		F001104BC58742EE9BDE98F9 /* Pods_PodsMergeDemo.framework */ = {isa = PBXFileReference; explicitFileType = wrapper.framework; includeInIndex = 0; path = Pods_PodsMergeDemo.framework; sourceTree = BUILT_PRODUCTS_DIR; };
		F807369BCB48E0A321EA1CCD /* Pods-PodsMergeDemo.release.xcconfig */ = {isa = PBXFileReference; includeInIndex = 1; lastKnownFileType = text.xcconfig; name = "Pods-PodsMergeDemo.release.xcconfig"; path = "Target Support Files/Pods-PodsMergeDemo/Pods-PodsMergeDemo.release.xcconfig"; sourceTree = "<group>"; };
/* End PBXFileReference section */

/* Begin PBXFrameworksBuildPhase section */
		906969C22373BDD0000A8F2A /* Frameworks */ = {
			isa = PBXFrameworksBuildPhase;
			buildActionMask = 2147483647;
			files = (
				639466B196BC41B8C486DEE5 /* Pods_PodsMergeDemo.framework in Frameworks */,
			);
			runOnlyForDeploymentPostprocessing = 0;
		};
/* End PBXFrameworksBuildPhase section */

/* Begin PBXGroup section */
		016F48DA8D9AA092DFD1D828 /* Pods */ = {
			isa = PBXGroup;
			children = (
				A6DF6580C7DFEF2FEBA3E7B9 /* Pods-PodsMergeDemo.debug.xcconfig */,
				F807369BCB48E0A321EA1CCD /* Pods-PodsMergeDemo.release.xcconfig */,
			);
			name = Pods;
			path = Pods;
			sourceTree = "<group>";
		};
		89A39D22B0BC2588D58F8AFA /* Frameworks */ = {
			isa = PBXGroup;
			children = (
				F001104BC58742EE9BDE98F9 /* Pods_PodsMergeDemo.framework */,
			);
			name = Frameworks;
			sourceTree = "<group>";
		};
		906969BC2373BDD0000A8F2A = {
			isa = PBXGroup;
			children = (
				906969C72373BDD0000A8F2A /* PodsMergeDemo */,
				906969C62373BDD0000A8F2A /* Products */,
				016F48DA8D9AA092DFD1D828 /* Pods */,
				89A39D22B0BC2588D58F8AFA /* Frameworks */,
			);
			sourceTree = "<group>";
		};
		906969C62373BDD0000A8F2A /* Products */ = {
			isa = PBXGroup;
			children = (
				906969C52373BDD0000A8F2A /* PodsMergeDemo.app */,
			);
			name = Products;
			sourceTree = "<group>";
		};
		906969C72373BDD0000A8F2A /* PodsMergeDemo */ = {
			isa = PBXGroup;
			children = (
				906969C82373BDD0000A8F2A /* AppDelegate.h */,
				906969C92373BDD0000A8F2A /* AppDelegate.m */,
				906969CB2373BDD0000A8F2A /* SceneDelegate.h */,
				906969CC2373BDD0000A8F2A /* SceneDelegate.m */,
				906969CE2373BDD0000A8F2A /* ViewController.h */,
				906969CF2373BDD0000A8F2A /* ViewController.m */,
				906969D12373BDD0000A8F2A /* Main.storyboard */,
				906969D42373BDD3000A8F2A /* Assets.xcassets */,
				906969D62373BDD3000A8F2A /* LaunchScreen.storyboard */,
				906969D92373BDD3000A8F2A /* Info.plist */,
				906969DA2373BDD3000A8F2A /* main.m */,
			);
			path = PodsMergeDemo;
			sourceTree = "<group>";
		};
/* End PBXGroup section */

/* Begin PBXNativeTarget section */
		906969C42373BDD0000A8F2A /* PodsMergeDemo */ = {
			isa = PBXNativeTarget;
			buildConfigurationList = 906969DE2373BDD3000A8F2A /* Build configuration list for PBXNativeTarget "PodsMergeDemo" */;
			buildPhases = (
				9E03214928CC50737E6FB3F8 /* [CP] Check Pods Manifest.lock */,
				906969C12373BDD0000A8F2A /* Sources */,
				906969C22373BDD0000A8F2A /* Frameworks */,
				906969C32373BDD0000A8F2A /* Resources */,
				5DB9C81AD79DF5813A08F67F /* [CP] Embed Pods Frameworks */,
			);
			buildRules = (
			);
			dependencies = (
			);
			name = PodsMergeDemo;
			productName = PodsMergeDemo;
			productReference = 906969C52373BDD0000A8F2A /* PodsMergeDemo.app */;
			productType = "com.apple.product-type.application";
		};
/* End PBXNativeTarget section */

/* Begin PBXProject section */
		906969BD2373BDD0000A8F2A /* Project object */ = {
			isa = PBXProject;
			attributes = {
				LastUpgradeCheck = 1110;
				ORGANIZATIONNAME = Virtue;
				TargetAttributes = {
					906969C42373BDD0000A8F2A = {
						CreatedOnToolsVersion = 11.1;
					};
				};
			};
			buildConfigurationList = 906969C02373BDD0000A8F2A /* Build configuration list for PBXProject "PodsMergeDemo" */;
			compatibilityVersion = "Xcode 9.3";
			developmentRegion = en;
			hasScannedForEncodings = 0;
			knownRegions = (
				en,
				Base,
			);
			mainGroup = 906969BC2373BDD0000A8F2A;
			productRefGroup = 906969C62373BDD0000A8F2A /* Products */;
			projectDirPath = "";
			projectRoot = "";
			targets = (
				906969C42373BDD0000A8F2A /* PodsMergeDemo */,
			);
		};
/* End PBXProject section */

/* Begin PBXResourcesBuildPhase section */
		906969C32373BDD0000A8F2A /* Resources */ = {
			isa = PBXResourcesBuildPhase;
			buildActionMask = 2147483647;
			files = (
				906969D82373BDD3000A8F2A /* LaunchScreen.storyboard in Resources */,
				906969D52373BDD3000A8F2A /* Assets.xcassets in Resources */,
				906969D32373BDD0000A8F2A /* Main.storyboard in Resources */,
			);
			runOnlyForDeploymentPostprocessing = 0;
		};
/* End PBXResourcesBuildPhase section */

/* Begin PBXShellScriptBuildPhase section */
		5DB9C81AD79DF5813A08F67F /* [CP] Embed Pods Frameworks */ = {
			isa = PBXShellScriptBuildPhase;
			buildActionMask = 2147483647;
			files = (
			);
			inputFileListPaths = (
				"${PODS_ROOT}/Target Support Files/Pods-PodsMergeDemo/Pods-PodsMergeDemo-frameworks-${CONFIGURATION}-input-files.xcfilelist",
			);
			name = "[CP] Embed Pods Frameworks";
			outputFileListPaths = (
				"${PODS_ROOT}/Target Support Files/Pods-PodsMergeDemo/Pods-PodsMergeDemo-frameworks-${CONFIGURATION}-output-files.xcfilelist",
			);
			runOnlyForDeploymentPostprocessing = 0;
			shellPath = /bin/sh;
			shellScript = "\"${PODS_ROOT}/Target Support Files/Pods-PodsMergeDemo/Pods-PodsMergeDemo-frameworks.sh\"\n";
			showEnvVarsInLog = 0;
		};
		9E03214928CC50737E6FB3F8 /* [CP] Check Pods Manifest.lock */ = {
			isa = PBXShellScriptBuildPhase;
			buildActionMask = 2147483647;
			files = (
			);
			inputFileListPaths = (
			);
			inputPaths = (
				"${PODS_PODFILE_DIR_PATH}/Podfile.lock",
				"${PODS_ROOT}/Manifest.lock",
			);
			name = "[CP] Check Pods Manifest.lock";
			outputFileListPaths = (
			);
			outputPaths = (
				"$(DERIVED_FILE_DIR)/Pods-PodsMergeDemo-checkManifestLockResult.txt",
			);
			runOnlyForDeploymentPostprocessing = 0;
			shellPath = /bin/sh;
			shellScript = "diff \"${PODS_PODFILE_DIR_PATH}/Podfile.lock\" \"${PODS_ROOT}/Manifest.lock\" > /dev/null\nif [ $? != 0 ] ; then\n    # print error to STDERR\n    echo \"error: The sandbox is not in sync with the Podfile.lock. Run 'pod install' or update your CocoaPods installation.\" >&2\n    exit 1\nfi\n# This output is used by Xcode 'outputs' to avoid re-running this script phase.\necho \"SUCCESS\" > \"${SCRIPT_OUTPUT_FILE_0}\"\n";
			showEnvVarsInLog = 0;
		};
/* End PBXShellScriptBuildPhase section */

/* Begin PBXSourcesBuildPhase section */
		906969C12373BDD0000A8F2A /* Sources */ = {
			isa = PBXSourcesBuildPhase;
			buildActionMask = 2147483647;
			files = (
				906969D02373BDD0000A8F2A /* ViewController.m in Sources */,
				906969CA2373BDD0000A8F2A /* AppDelegate.m in Sources */,
				906969DB2373BDD3000A8F2A /* main.m in Sources */,
				906969CD2373BDD0000A8F2A /* SceneDelegate.m in Sources */,
			);
			runOnlyForDeploymentPostprocessing = 0;
		};
/* End PBXSourcesBuildPhase section */

/* Begin PBXVariantGroup section */
		906969D12373BDD0000A8F2A /* Main.storyboard */ = {
			isa = PBXVariantGroup;
			children = (
				906969D22373BDD0000A8F2A /* Base */,
			);
			name = Main.storyboard;
			sourceTree = "<group>";
		};
		906969D62373BDD3000A8F2A /* LaunchScreen.storyboard */ = {
			isa = PBXVariantGroup;
			children = (
				906969D72373BDD3000A8F2A /* Base */,
			);
			name = LaunchScreen.storyboard;
			sourceTree = "<group>";
		};
/* End PBXVariantGroup section */

/* Begin XCBuildConfiguration section */
		906969DC2373BDD3000A8F2A /* Debug */ = {
			isa = XCBuildConfiguration;
			buildSettings = {
				ALWAYS_SEARCH_USER_PATHS = NO;
				CLANG_ANALYZER_NONNULL = YES;
				CLANG_ANALYZER_NUMBER_OBJECT_CONVERSION = YES_AGGRESSIVE;
				CLANG_CXX_LANGUAGE_STANDARD = "gnu++14";
				CLANG_CXX_LIBRARY = "libc++";
				CLANG_ENABLE_MODULES = YES;
				CLANG_ENABLE_OBJC_ARC = YES;
				CLANG_ENABLE_OBJC_WEAK = YES;
				CLANG_WARN_BLOCK_CAPTURE_AUTORELEASING = YES;
				CLANG_WARN_BOOL_CONVERSION = YES;
				CLANG_WARN_COMMA = YES;
				CLANG_WARN_CONSTANT_CONVERSION = YES;
				CLANG_WARN_DEPRECATED_OBJC_IMPLEMENTATIONS = YES;
				CLANG_WARN_DIRECT_OBJC_ISA_USAGE = YES_ERROR;
				CLANG_WARN_DOCUMENTATION_COMMENTS = YES;
				CLANG_WARN_EMPTY_BODY = YES;
				CLANG_WARN_ENUM_CONVERSION = YES;
				CLANG_WARN_INFINITE_RECURSION = YES;
				CLANG_WARN_INT_CONVERSION = YES;
				CLANG_WARN_NON_LITERAL_NULL_CONVERSION = YES;
				CLANG_WARN_OBJC_IMPLICIT_RETAIN_SELF = YES;
				CLANG_WARN_OBJC_LITERAL_CONVERSION = YES;
				CLANG_WARN_OBJC_ROOT_CLASS = YES_ERROR;
				CLANG_WARN_RANGE_LOOP_ANALYSIS = YES;
				CLANG_WARN_STRICT_PROTOTYPES = YES;
				CLANG_WARN_SUSPICIOUS_MOVE = YES;
				CLANG_WARN_UNGUARDED_AVAILABILITY = YES_AGGRESSIVE;
				CLANG_WARN_UNREACHABLE_CODE = YES;
				CLANG_WARN__DUPLICATE_METHOD_MATCH = YES;
				COPY_PHASE_STRIP = NO;
				DEBUG_INFORMATION_FORMAT = dwarf;
				ENABLE_STRICT_OBJC_MSGSEND = YES;
				ENABLE_TESTABILITY = YES;
				GCC_C_LANGUAGE_STANDARD = gnu11;
				GCC_DYNAMIC_NO_PIC = NO;
				GCC_NO_COMMON_BLOCKS = YES;
				GCC_OPTIMIZATION_LEVEL = 0;
				GCC_PREPROCESSOR_DEFINITIONS = (
					"DEBUG=1",
					"$(inherited)",
				);
				GCC_WARN_64_TO_32_BIT_CONVERSION = YES;
				GCC_WARN_ABOUT_RETURN_TYPE = YES_ERROR;
				GCC_WARN_UNDECLARED_SELECTOR = YES;
				GCC_WARN_UNINITIALIZED_AUTOS = YES_AGGRESSIVE;
				GCC_WARN_UNUSED_FUNCTION = YES;
				GCC_WARN_UNUSED_VARIABLE = YES;
				IPHONEOS_DEPLOYMENT_TARGET = 13.1;
				MTL_ENABLE_DEBUG_INFO = INCLUDE_SOURCE;
				MTL_FAST_MATH = YES;
				ONLY_ACTIVE_ARCH = YES;
				SDKROOT = iphoneos;
			};
			name = Debug;
		};
		906969DD2373BDD3000A8F2A /* Release */ = {
			isa = XCBuildConfiguration;
			buildSettings = {
				ALWAYS_SEARCH_USER_PATHS = NO;
				CLANG_ANALYZER_NONNULL = YES;
				CLANG_ANALYZER_NUMBER_OBJECT_CONVERSION = YES_AGGRESSIVE;
				CLANG_CXX_LANGUAGE_STANDARD = "gnu++14";
				CLANG_CXX_LIBRARY = "libc++";
				CLANG_ENABLE_MODULES = YES;
				CLANG_ENABLE_OBJC_ARC = YES;
				CLANG_ENABLE_OBJC_WEAK = YES;
				CLANG_WARN_BLOCK_CAPTURE_AUTORELEASING = YES;
				CLANG_WARN_BOOL_CONVERSION = YES;
				CLANG_WARN_COMMA = YES;
				CLANG_WARN_CONSTANT_CONVERSION = YES;
				CLANG_WARN_DEPRECATED_OBJC_IMPLEMENTATIONS = YES;
				CLANG_WARN_DIRECT_OBJC_ISA_USAGE = YES_ERROR;
				CLANG_WARN_DOCUMENTATION_COMMENTS = YES;
				CLANG_WARN_EMPTY_BODY = YES;
				CLANG_WARN_ENUM_CONVERSION = YES;
				CLANG_WARN_INFINITE_RECURSION = YES;
				CLANG_WARN_INT_CONVERSION = YES;
				CLANG_WARN_NON_LITERAL_NULL_CONVERSION = YES;
				CLANG_WARN_OBJC_IMPLICIT_RETAIN_SELF = YES;
				CLANG_WARN_OBJC_LITERAL_CONVERSION = YES;
				CLANG_WARN_OBJC_ROOT_CLASS = YES_ERROR;
				CLANG_WARN_RANGE_LOOP_ANALYSIS = YES;
				CLANG_WARN_STRICT_PROTOTYPES = YES;
				CLANG_WARN_SUSPICIOUS_MOVE = YES;
				CLANG_WARN_UNGUARDED_AVAILABILITY = YES_AGGRESSIVE;
				CLANG_WARN_UNREACHABLE_CODE = YES;
				CLANG_WARN__DUPLICATE_METHOD_MATCH = YES;
				COPY_PHASE_STRIP = NO;
				DEBUG_INFORMATION_FORMAT = "dwarf-with-dsym";
				ENABLE_NS_ASSERTIONS = NO;
				ENABLE_STRICT_OBJC_MSGSEND = YES;
				GCC_C_LANGUAGE_STANDARD = gnu11;
				GCC_NO_COMMON_BLOCKS = YES;
				GCC_WARN_64_TO_32_BIT_CONVERSION = YES;
				GCC_WARN_ABOUT_RETURN_TYPE = YES_ERROR;
				GCC_WARN_UNDECLARED_SELECTOR = YES;
				GCC_WARN_UNINITIALIZED_AUTOS = YES_AGGRESSIVE;
				GCC_WARN_UNUSED_FUNCTION = YES;
				GCC_WARN_UNUSED_VARIABLE = YES;
				IPHONEOS_DEPLOYMENT_TARGET = 13.1;
				MTL_ENABLE_DEBUG_INFO = NO;
				MTL_FAST_MATH = YES;
				SDKROOT = iphoneos;
				VALIDATE_PRODUCT = YES;
			};
			name = Release;
		};
		906969DF2373BDD3000A8F2A /* Debug */ = {
			isa = XCBuildConfiguration;
			baseConfigurationReference = A6DF6580C7DFEF2FEBA3E7B9 /* Pods-PodsMergeDemo.debug.xcconfig */;
			buildSettings = {
				ASSETCATALOG_COMPILER_APPICON_NAME = AppIcon;
				CODE_SIGN_STYLE = Automatic;
				INFOPLIST_FILE = PodsMergeDemo/Info.plist;
				LD_RUNPATH_SEARCH_PATHS = (
					"$(inherited)",
					"@executable_path/Frameworks",
				);
				PRODUCT_BUNDLE_IDENTIFIER = LHY.PodsMergeDemo;
				PRODUCT_NAME = "$(TARGET_NAME)";
				TARGETED_DEVICE_FAMILY = "1,2";
			};
			name = Debug;
		};
		906969E02373BDD3000A8F2A /* Release */ = {
			isa = XCBuildConfiguration;
			baseConfigurationReference = F807369BCB48E0A321EA1CCD /* Pods-PodsMergeDemo.release.xcconfig */;
			buildSettings = {
				ASSETCATALOG_COMPILER_APPICON_NAME = AppIcon;
				CODE_SIGN_STYLE = Automatic;
				INFOPLIST_FILE = PodsMergeDemo/Info.plist;
				LD_RUNPATH_SEARCH_PATHS = (
					"$(inherited)",
					"@executable_path/Frameworks",
				);
				PRODUCT_BUNDLE_IDENTIFIER = LHY.PodsMergeDemo;
				PRODUCT_NAME = "$(TARGET_NAME)";
				TARGETED_DEVICE_FAMILY = "1,2";
			};
			name = Release;
		};
/* End XCBuildConfiguration section */

/* Begin XCConfigurationList section */
		906969C02373BDD0000A8F2A /* Build configuration list for PBXProject "PodsMergeDemo" */ = {
			isa = XCConfigurationList;
			buildConfigurations = (
				906969DC2373BDD3000A8F2A /* Debug */,
				906969DD2373BDD3000A8F2A /* Release */,
			);
			defaultConfigurationIsVisible = 0;
			defaultConfigurationName = Release;
		};
		906969DE2373BDD3000A8F2A /* Build configuration list for PBXNativeTarget "PodsMergeDemo" */ = {
			isa = XCConfigurationList;
			buildConfigurations = (
				906969DF2373BDD3000A8F2A /* Debug */,
				906969E02373BDD3000A8F2A /* Release */,
			);
			defaultConfigurationIsVisible = 0;
			defaultConfigurationName = Release;
		};
/* End XCConfigurationList section */
	};
	rootObject = 906969BD2373BDD0000A8F2A /* Project object */;
}
